
Microsoft Visual Studio Solution File, Format Version 12.00
# Visual Studio Version 17
VisualStudioVersion = 17.7.34003.232
MinimumVisualStudioVersion = 10.0.40219.1
Project("{FAE04EC0-301F-11D3-BF4B-00C04F79EFBC}") = "ASPNETIdentityApp", "ASPNETIdentityApp\ASPNETIdentityApp.csproj", "{99EA1AA8-D13D-4A09-AACD-48B629AEA0B1}"
EndProject
Global
	GlobalSection(SolutionConfigurationPlatforms) = preSolution
		Debug|Any CPU = Debug|Any CPU
		Release|Any CPU = Release|Any CPU
	EndGlobalSection
	GlobalSection(ProjectConfigurationPlatforms) = postSolution
		{99EA1AA8-D13D-4A09-AACD-48B629AEA0B1}.Debug|Any CPU.ActiveCfg = Debug|Any CPU
		{99EA1AA8-D13D-4A09-AACD-48B629AEA0B1}.Debug|Any CPU.Build.0 = Debug|Any CPU
		{99EA1AA8-D13D-4A09-AACD-48B629AEA0B1}.Release|Any CPU.ActiveCfg = Release|Any CPU
		{99EA1AA8-D13D-4A09-AACD-48B629AEA0B1}.Release|Any CPU.Build.0 = Release|Any CPU
	EndGlobalSection
	GlobalSection(SolutionProperties) = preSolution
		HideSolutionNode = FALSE
	EndGlobalSection
	GlobalSection(ExtensibilityGlobals) = postSolution
		SolutionGuid = {B4AC1051-899D-4C47-ADA6-0084F50CD3FB}
	EndGlobalSection
EndGlobal
